{
  "name": "206",
  "version": "1.0.0",
  "lockfileVersion": 2,
  "requires": true,
  "packages": {
    "": {
      "name": "206",
      "version": "1.0.0",
      "license": "ISC",
      "dependencies": {
        "@yandex-blitz/phone": "^1.2.0"
      }
    },
    "node_modules/@yandex-blitz/phone": {
      "version": "1.2.0",
      "resolved": "https://registry.npmjs.org/@yandex-blitz/phone/-/phone-1.2.0.tgz",
      "integrity": "sha512-2OmXyCyn/z998u2Q2Y6fS8Tvv1FKOAZpZWvm2Kra3oxHhaJflV8OliZY0Hw7ADiMcpz58i/0abgvWP/6jRnrLg=="
    }
  },
  "dependencies": {
    "@yandex-blitz/phone": {
      "version": "1.2.0",
      "resolved": "https://registry.npmjs.org/@yandex-blitz/phone/-/phone-1.2.0.tgz",
      "integrity": "sha512-2OmXyCyn/z998u2Q2Y6fS8Tvv1FKOAZpZWvm2Kra3oxHhaJflV8OliZY0Hw7ADiMcpz58i/0abgvWP/6jRnrLg=="
    }
  }
}
